
Microsoft Visual Studio Solution File, Format Version 12.00
# Visual Studio Version 17
VisualStudioVersion = 17.1.32228.430
MinimumVisualStudioVersion = 10.0.40219.1
Project("{9A19103F-16F7-4668-BE54-9A1E7A4F7556}") = "PttAppAPI.API", "PttAppAPI\PttAppAPI.API.csproj", "{0998C5DD-28E6-4DF7-B9ED-3499C0E2D3B3}"
	ProjectSection(ProjectDependencies) = postProject
		{65F5F0BB-9D36-48CF-8F16-7940B53FDCA5} = {65F5F0BB-9D36-48CF-8F16-7940B53FDCA5}
		{2739C0EB-6285-436E-AE44-227C5B784D6C} = {2739C0EB-6285-436E-AE44-227C5B784D6C}
	EndProjectSection
EndProject
Project("{2150E333-8FDC-42A3-9474-1A3956D46DE8}") = "src", "src", "{E2BD4DAA-5261-47B5-BAF4-1CA5618AC807}"
EndProject
Project("{2150E333-8FDC-42A3-9474-1A3956D46DE8}") = "Core", "Core", "{5970B049-8BFC-4BE2-A2D8-6AB0E9A083B6}"
EndProject
Project("{9A19103F-16F7-4668-BE54-9A1E7A4F7556}") = "PttAppAPI.Domain", "PttAppAPI.Domain\PttAppAPI.Domain.csproj", "{3FA1235F-538C-4CFA-8A9C-008E14816957}"
EndProject
Project("{9A19103F-16F7-4668-BE54-9A1E7A4F7556}") = "PttAppAPI.Application", "PttAppAPI.Application\PttAppAPI.Application.csproj", "{2739C0EB-6285-436E-AE44-227C5B784D6C}"
	ProjectSection(ProjectDependencies) = postProject
		{3FA1235F-538C-4CFA-8A9C-008E14816957} = {3FA1235F-538C-4CFA-8A9C-008E14816957}
	EndProjectSection
EndProject
Project("{2150E333-8FDC-42A3-9474-1A3956D46DE8}") = "Infrastructure", "Infrastructure", "{E73E6AEA-7F29-4DE3-B23A-D1B7106B5444}"
EndProject
Project("{9A19103F-16F7-4668-BE54-9A1E7A4F7556}") = "PttAppAPI.Infrasructure", "PttAppAPI.Infrasructure\PttAppAPI.Infrasructure.csproj", "{0F2ED080-EFC0-4B9F-8E51-A12E0A360080}"
	ProjectSection(ProjectDependencies) = postProject
		{2739C0EB-6285-436E-AE44-227C5B784D6C} = {2739C0EB-6285-436E-AE44-227C5B784D6C}
	EndProjectSection
EndProject
Project("{9A19103F-16F7-4668-BE54-9A1E7A4F7556}") = "PttAppAPI.Persistence", "PttAppAPI.Persistence\PttAppAPI.Persistence.csproj", "{65F5F0BB-9D36-48CF-8F16-7940B53FDCA5}"
	ProjectSection(ProjectDependencies) = postProject
		{2739C0EB-6285-436E-AE44-227C5B784D6C} = {2739C0EB-6285-436E-AE44-227C5B784D6C}
	EndProjectSection
EndProject
Project("{2150E333-8FDC-42A3-9474-1A3956D46DE8}") = "Presentation", "Presentation", "{069E116A-BF94-4C71-AF0E-98B48D486D83}"
EndProject
Global
	GlobalSection(SolutionConfigurationPlatforms) = preSolution
		Debug|Any CPU = Debug|Any CPU
		Release|Any CPU = Release|Any CPU
	EndGlobalSection
	GlobalSection(ProjectConfigurationPlatforms) = postSolution
		{0998C5DD-28E6-4DF7-B9ED-3499C0E2D3B3}.Debug|Any CPU.ActiveCfg = Debug|Any CPU
		{0998C5DD-28E6-4DF7-B9ED-3499C0E2D3B3}.Debug|Any CPU.Build.0 = Debug|Any CPU
		{0998C5DD-28E6-4DF7-B9ED-3499C0E2D3B3}.Release|Any CPU.ActiveCfg = Release|Any CPU
		{0998C5DD-28E6-4DF7-B9ED-3499C0E2D3B3}.Release|Any CPU.Build.0 = Release|Any CPU
		{3FA1235F-538C-4CFA-8A9C-008E14816957}.Debug|Any CPU.ActiveCfg = Debug|Any CPU
		{3FA1235F-538C-4CFA-8A9C-008E14816957}.Debug|Any CPU.Build.0 = Debug|Any CPU
		{3FA1235F-538C-4CFA-8A9C-008E14816957}.Release|Any CPU.ActiveCfg = Release|Any CPU
		{3FA1235F-538C-4CFA-8A9C-008E14816957}.Release|Any CPU.Build.0 = Release|Any CPU
		{2739C0EB-6285-436E-AE44-227C5B784D6C}.Debug|Any CPU.ActiveCfg = Debug|Any CPU
		{2739C0EB-6285-436E-AE44-227C5B784D6C}.Debug|Any CPU.Build.0 = Debug|Any CPU
		{2739C0EB-6285-436E-AE44-227C5B784D6C}.Release|Any CPU.ActiveCfg = Release|Any CPU
		{2739C0EB-6285-436E-AE44-227C5B784D6C}.Release|Any CPU.Build.0 = Release|Any CPU
		{0F2ED080-EFC0-4B9F-8E51-A12E0A360080}.Debug|Any CPU.ActiveCfg = Debug|Any CPU
		{0F2ED080-EFC0-4B9F-8E51-A12E0A360080}.Debug|Any CPU.Build.0 = Debug|Any CPU
		{0F2ED080-EFC0-4B9F-8E51-A12E0A360080}.Release|Any CPU.ActiveCfg = Release|Any CPU
		{0F2ED080-EFC0-4B9F-8E51-A12E0A360080}.Release|Any CPU.Build.0 = Release|Any CPU
		{65F5F0BB-9D36-48CF-8F16-7940B53FDCA5}.Debug|Any CPU.ActiveCfg = Debug|Any CPU
		{65F5F0BB-9D36-48CF-8F16-7940B53FDCA5}.Debug|Any CPU.Build.0 = Debug|Any CPU
		{65F5F0BB-9D36-48CF-8F16-7940B53FDCA5}.Release|Any CPU.ActiveCfg = Release|Any CPU
		{65F5F0BB-9D36-48CF-8F16-7940B53FDCA5}.Release|Any CPU.Build.0 = Release|Any CPU
	EndGlobalSection
	GlobalSection(SolutionProperties) = preSolution
		HideSolutionNode = FALSE
	EndGlobalSection
	GlobalSection(NestedProjects) = preSolution
		{0998C5DD-28E6-4DF7-B9ED-3499C0E2D3B3} = {069E116A-BF94-4C71-AF0E-98B48D486D83}
		{5970B049-8BFC-4BE2-A2D8-6AB0E9A083B6} = {E2BD4DAA-5261-47B5-BAF4-1CA5618AC807}
		{3FA1235F-538C-4CFA-8A9C-008E14816957} = {5970B049-8BFC-4BE2-A2D8-6AB0E9A083B6}
		{2739C0EB-6285-436E-AE44-227C5B784D6C} = {5970B049-8BFC-4BE2-A2D8-6AB0E9A083B6}
		{E73E6AEA-7F29-4DE3-B23A-D1B7106B5444} = {E2BD4DAA-5261-47B5-BAF4-1CA5618AC807}
		{0F2ED080-EFC0-4B9F-8E51-A12E0A360080} = {E73E6AEA-7F29-4DE3-B23A-D1B7106B5444}
		{65F5F0BB-9D36-48CF-8F16-7940B53FDCA5} = {E73E6AEA-7F29-4DE3-B23A-D1B7106B5444}
		{069E116A-BF94-4C71-AF0E-98B48D486D83} = {E2BD4DAA-5261-47B5-BAF4-1CA5618AC807}
	EndGlobalSection
	GlobalSection(ExtensibilityGlobals) = postSolution
		SolutionGuid = {C5645B2D-FDC4-4CE3-9137-4A1118030578}
	EndGlobalSection
EndGlobal
